
Microsoft Visual Studio Solution File, Format Version 12.00
# Visual Studio Version 17
VisualStudioVersion = 17.8.34525.116
MinimumVisualStudioVersion = 10.0.40219.1
Project("{9A19103F-16F7-4668-BE54-9A1E7A4F7556}") = "SuperheroesApp", "SuperheroesApp\SuperheroesApp.csproj", "{EDD911C4-E159-42CF-8851-47C883DC45D0}"
EndProject
Project("{2150E333-8FDC-42A3-9474-1A3956D46DE8}") = "styles", "styles", "{6BC06806-FAA8-4F80-8278-0E176B29043D}"
	ProjectSection(SolutionItems) = preProject
		styles.css = styles.css
	EndProjectSection
EndProject
Global
	GlobalSection(SolutionConfigurationPlatforms) = preSolution
		Debug|Any CPU = Debug|Any CPU
		Release|Any CPU = Release|Any CPU
	EndGlobalSection
	GlobalSection(ProjectConfigurationPlatforms) = postSolution
		{EDD911C4-E159-42CF-8851-47C883DC45D0}.Debug|Any CPU.ActiveCfg = Debug|Any CPU
		{EDD911C4-E159-42CF-8851-47C883DC45D0}.Debug|Any CPU.Build.0 = Debug|Any CPU
		{EDD911C4-E159-42CF-8851-47C883DC45D0}.Release|Any CPU.ActiveCfg = Release|Any CPU
		{EDD911C4-E159-42CF-8851-47C883DC45D0}.Release|Any CPU.Build.0 = Release|Any CPU
	EndGlobalSection
	GlobalSection(SolutionProperties) = preSolution
		HideSolutionNode = FALSE
	EndGlobalSection
	GlobalSection(ExtensibilityGlobals) = postSolution
		SolutionGuid = {26A371C1-1EEF-4850-B795-370FA35A6A6C}
	EndGlobalSection
EndGlobal
